
Microsoft Visual Studio Solution File, Format Version 12.00
# Visual Studio Version 16
VisualStudioVersion = 16.0.31702.278
MinimumVisualStudioVersion = 10.0.40219.1
Project("{FAE04EC0-301F-11D3-BF4B-00C04F79EFBC}") = "Lab1Powtorka", "Lab1Powtorka\Lab1Powtorka.csproj", "{7D9333CA-1DC1-402D-8F0F-2DED7D376CAB}"
EndProject
Project("{FAE04EC0-301F-11D3-BF4B-00C04F79EFBC}") = "UlamekTests", "UlamekTests\UlamekTests.csproj", "{75E56B3C-4C59-4418-B3F0-45B2BE888114}"
EndProject
Global
	GlobalSection(SolutionConfigurationPlatforms) = preSolution
		Debug|Any CPU = Debug|Any CPU
		Release|Any CPU = Release|Any CPU
	EndGlobalSection
	GlobalSection(ProjectConfigurationPlatforms) = postSolution
		{7D9333CA-1DC1-402D-8F0F-2DED7D376CAB}.Debug|Any CPU.ActiveCfg = Debug|Any CPU
		{7D9333CA-1DC1-402D-8F0F-2DED7D376CAB}.Debug|Any CPU.Build.0 = Debug|Any CPU
		{7D9333CA-1DC1-402D-8F0F-2DED7D376CAB}.Release|Any CPU.ActiveCfg = Release|Any CPU
		{7D9333CA-1DC1-402D-8F0F-2DED7D376CAB}.Release|Any CPU.Build.0 = Release|Any CPU
		{75E56B3C-4C59-4418-B3F0-45B2BE888114}.Debug|Any CPU.ActiveCfg = Debug|Any CPU
		{75E56B3C-4C59-4418-B3F0-45B2BE888114}.Debug|Any CPU.Build.0 = Debug|Any CPU
		{75E56B3C-4C59-4418-B3F0-45B2BE888114}.Release|Any CPU.ActiveCfg = Release|Any CPU
		{75E56B3C-4C59-4418-B3F0-45B2BE888114}.Release|Any CPU.Build.0 = Release|Any CPU
	EndGlobalSection
	GlobalSection(SolutionProperties) = preSolution
		HideSolutionNode = FALSE
	EndGlobalSection
	GlobalSection(ExtensibilityGlobals) = postSolution
		SolutionGuid = {4D71A883-8684-42ED-9F78-A6027756CD36}
	EndGlobalSection
EndGlobal
